// !$*UTF8*$!
{
	archiveVersion = 1;
	classes = {
	};
	objectVersion = 50;
	objects = {

/* Begin PBXBuildFile section */
		1C43D1FC26A4DE98002B45AD /* Tile.swift in Sources */ = {isa = PBXBuildFile; fileRef = 1C43D1FB26A4DE98002B45AD /* Tile.swift */; };
		1C43D20026A4F1CF002B45AD /* Player.swift in Sources */ = {isa = PBXBuildFile; fileRef = 1C43D1FF26A4F1CF002B45AD /* Player.swift */; };
		FD2D90CD26AF1BC700EE5A91 /* GameManager.swift in Sources */ = {isa = PBXBuildFile; fileRef = FD2D90CC26AF1BC700EE5A91 /* GameManager.swift */; };
		FD2D90CF26AF1BEF00EE5A91 /* Train.swift in Sources */ = {isa = PBXBuildFile; fileRef = FD2D90CE26AF1BEF00EE5A91 /* Train.swift */; };
		FDDBC24926A7463500307A10 /* GamePlayViewController.swift in Sources */ = {isa = PBXBuildFile; fileRef = FDDBC24826A7463500307A10 /* GamePlayViewController.swift */; };
		FDDBC24D26A7DA5700307A10 /* ScoreViewController.swift in Sources */ = {isa = PBXBuildFile; fileRef = FDDBC24C26A7DA5700307A10 /* ScoreViewController.swift */; };
		FDF894B1269A6B83009E7FC7 /* AppDelegate.swift in Sources */ = {isa = PBXBuildFile; fileRef = FDF894B0269A6B83009E7FC7 /* AppDelegate.swift */; };
		FDF894B3269A6B83009E7FC7 /* SceneDelegate.swift in Sources */ = {isa = PBXBuildFile; fileRef = FDF894B2269A6B83009E7FC7 /* SceneDelegate.swift */; };
		FDF894B5269A6B83009E7FC7 /* ViewController.swift in Sources */ = {isa = PBXBuildFile; fileRef = FDF894B4269A6B83009E7FC7 /* ViewController.swift */; };
		FDF894B8269A6B83009E7FC7 /* Main.storyboard in Resources */ = {isa = PBXBuildFile; fileRef = FDF894B6269A6B83009E7FC7 /* Main.storyboard */; };
		FDF894BA269A6B85009E7FC7 /* Assets.xcassets in Resources */ = {isa = PBXBuildFile; fileRef = FDF894B9269A6B85009E7FC7 /* Assets.xcassets */; };
		FDF894BD269A6B85009E7FC7 /* LaunchScreen.storyboard in Resources */ = {isa = PBXBuildFile; fileRef = FDF894BB269A6B85009E7FC7 /* LaunchScreen.storyboard */; };
/* End PBXBuildFile section */

/* Begin PBXFileReference section */
		1C43D1FB26A4DE98002B45AD /* Tile.swift */ = {isa = PBXFileReference; lastKnownFileType = sourcecode.swift; path = Tile.swift; sourceTree = "<group>"; };
		1C43D1FF26A4F1CF002B45AD /* Player.swift */ = {isa = PBXFileReference; lastKnownFileType = sourcecode.swift; path = Player.swift; sourceTree = "<group>"; };
		FD2D90CC26AF1BC700EE5A91 /* GameManager.swift */ = {isa = PBXFileReference; lastKnownFileType = sourcecode.swift; path = GameManager.swift; sourceTree = "<group>"; };
		FD2D90CE26AF1BEF00EE5A91 /* Train.swift */ = {isa = PBXFileReference; lastKnownFileType = sourcecode.swift; path = Train.swift; sourceTree = "<group>"; };
		FDDBC24826A7463500307A10 /* GamePlayViewController.swift */ = {isa = PBXFileReference; lastKnownFileType = sourcecode.swift; path = GamePlayViewController.swift; sourceTree = "<group>"; };
		FDDBC24C26A7DA5700307A10 /* ScoreViewController.swift */ = {isa = PBXFileReference; lastKnownFileType = sourcecode.swift; path = ScoreViewController.swift; sourceTree = "<group>"; };
		FDF894AD269A6B83009E7FC7 /* Domino-CSE438FinalProject.app */ = {isa = PBXFileReference; explicitFileType = wrapper.application; includeInIndex = 0; path = "Domino-CSE438FinalProject.app"; sourceTree = BUILT_PRODUCTS_DIR; };
		FDF894B0269A6B83009E7FC7 /* AppDelegate.swift */ = {isa = PBXFileReference; lastKnownFileType = sourcecode.swift; path = AppDelegate.swift; sourceTree = "<group>"; };
		FDF894B2269A6B83009E7FC7 /* SceneDelegate.swift */ = {isa = PBXFileReference; lastKnownFileType = sourcecode.swift; path = SceneDelegate.swift; sourceTree = "<group>"; };
		FDF894B4269A6B83009E7FC7 /* ViewController.swift */ = {isa = PBXFileReference; lastKnownFileType = sourcecode.swift; path = ViewController.swift; sourceTree = "<group>"; };
		FDF894B7269A6B83009E7FC7 /* Base */ = {isa = PBXFileReference; lastKnownFileType = file.storyboard; name = Base; path = Base.lproj/Main.storyboard; sourceTree = "<group>"; };
		FDF894B9269A6B85009E7FC7 /* Assets.xcassets */ = {isa = PBXFileReference; lastKnownFileType = folder.assetcatalog; path = Assets.xcassets; sourceTree = "<group>"; };
		FDF894BC269A6B85009E7FC7 /* Base */ = {isa = PBXFileReference; lastKnownFileType = file.storyboard; name = Base; path = Base.lproj/LaunchScreen.storyboard; sourceTree = "<group>"; };
		FDF894BE269A6B85009E7FC7 /* Info.plist */ = {isa = PBXFileReference; lastKnownFileType = text.plist.xml; path = Info.plist; sourceTree = "<group>"; };
/* End PBXFileReference section */

/* Begin PBXFrameworksBuildPhase section */
		FDF894AA269A6B83009E7FC7 /* Frameworks */ = {
			isa = PBXFrameworksBuildPhase;
			buildActionMask = 2147483647;
			files = (
			);
			runOnlyForDeploymentPostprocessing = 0;
		};
/* End PBXFrameworksBuildPhase section */

/* Begin PBXGroup section */
		FDF894A4269A6B83009E7FC7 = {
			isa = PBXGroup;
			children = (
				FDF894AF269A6B83009E7FC7 /* Domino-CSE438FinalProject */,
				FDF894AE269A6B83009E7FC7 /* Products */,
			);
			sourceTree = "<group>";
		};
		FDF894AE269A6B83009E7FC7 /* Products */ = {
			isa = PBXGroup;
			children = (
				FDF894AD269A6B83009E7FC7 /* Domino-CSE438FinalProject.app */,
			);
			name = Products;
			sourceTree = "<group>";
		};
		FDF894AF269A6B83009E7FC7 /* Domino-CSE438FinalProject */ = {
			isa = PBXGroup;
			children = (
				FDF894B0269A6B83009E7FC7 /* AppDelegate.swift */,
				FDF894B2269A6B83009E7FC7 /* SceneDelegate.swift */,
				FDF894B4269A6B83009E7FC7 /* ViewController.swift */,
				FDDBC24826A7463500307A10 /* GamePlayViewController.swift */,
				FDDBC24C26A7DA5700307A10 /* ScoreViewController.swift */,
				FD2D90CC26AF1BC700EE5A91 /* GameManager.swift */,
				1C43D1FB26A4DE98002B45AD /* Tile.swift */,
				1C43D1FF26A4F1CF002B45AD /* Player.swift */,
				FD2D90CE26AF1BEF00EE5A91 /* Train.swift */,
				FDF894B6269A6B83009E7FC7 /* Main.storyboard */,
				FDF894B9269A6B85009E7FC7 /* Assets.xcassets */,
				FDF894BB269A6B85009E7FC7 /* LaunchScreen.storyboard */,
				FDF894BE269A6B85009E7FC7 /* Info.plist */,
			);
			path = "Domino-CSE438FinalProject";
			sourceTree = "<group>";
		};
/* End PBXGroup section */

/* Begin PBXNativeTarget section */
		FDF894AC269A6B83009E7FC7 /* Domino-CSE438FinalProject */ = {
			isa = PBXNativeTarget;
			buildConfigurationList = FDF894C1269A6B85009E7FC7 /* Build configuration list for PBXNativeTarget "Domino-CSE438FinalProject" */;
			buildPhases = (
				FDF894A9269A6B83009E7FC7 /* Sources */,
				FDF894AA269A6B83009E7FC7 /* Frameworks */,
				FDF894AB269A6B83009E7FC7 /* Resources */,
			);
			buildRules = (
			);
			dependencies = (
			);
			name = "Domino-CSE438FinalProject";
			productName = "Domino-CSE438FinalProject";
			productReference = FDF894AD269A6B83009E7FC7 /* Domino-CSE438FinalProject.app */;
			productType = "com.apple.product-type.application";
		};
/* End PBXNativeTarget section */

/* Begin PBXProject section */
		FDF894A5269A6B83009E7FC7 /* Project object */ = {
			isa = PBXProject;
			attributes = {
				LastSwiftUpdateCheck = 1250;
				LastUpgradeCheck = 1250;
				TargetAttributes = {
					FDF894AC269A6B83009E7FC7 = {
						CreatedOnToolsVersion = 12.5;
					};
				};
			};
			buildConfigurationList = FDF894A8269A6B83009E7FC7 /* Build configuration list for PBXProject "Domino-CSE438FinalProject" */;
			compatibilityVersion = "Xcode 9.3";
			developmentRegion = en;
			hasScannedForEncodings = 0;
			knownRegions = (
				en,
				Base,
			);
			mainGroup = FDF894A4269A6B83009E7FC7;
			productRefGroup = FDF894AE269A6B83009E7FC7 /* Products */;
			projectDirPath = "";
			projectRoot = "";
			targets = (
				FDF894AC269A6B83009E7FC7 /* Domino-CSE438FinalProject */,
			);
		};
/* End PBXProject section */

/* Begin PBXResourcesBuildPhase section */
		FDF894AB269A6B83009E7FC7 /* Resources */ = {
			isa = PBXResourcesBuildPhase;
			buildActionMask = 2147483647;
			files = (
				FDF894BD269A6B85009E7FC7 /* LaunchScreen.storyboard in Resources */,
				FDF894BA269A6B85009E7FC7 /* Assets.xcassets in Resources */,
				FDF894B8269A6B83009E7FC7 /* Main.storyboard in Resources */,
			);
			runOnlyForDeploymentPostprocessing = 0;
		};
/* End PBXResourcesBuildPhase section */

/* Begin PBXSourcesBuildPhase section */
		FDF894A9269A6B83009E7FC7 /* Sources */ = {
			isa = PBXSourcesBuildPhase;
			buildActionMask = 2147483647;
			files = (
				FDF894B5269A6B83009E7FC7 /* ViewController.swift in Sources */,
				FD2D90CD26AF1BC700EE5A91 /* GameManager.swift in Sources */,
				FDDBC24926A7463500307A10 /* GamePlayViewController.swift in Sources */,
				FDF894B1269A6B83009E7FC7 /* AppDelegate.swift in Sources */,
				1C43D20026A4F1CF002B45AD /* Player.swift in Sources */,
				1C43D1FC26A4DE98002B45AD /* Tile.swift in Sources */,
				FDF894B3269A6B83009E7FC7 /* SceneDelegate.swift in Sources */,
				FD2D90CF26AF1BEF00EE5A91 /* Train.swift in Sources */,
				FDDBC24D26A7DA5700307A10 /* ScoreViewController.swift in Sources */,
			);
			runOnlyForDeploymentPostprocessing = 0;
		};
/* End PBXSourcesBuildPhase section */

/* Begin PBXVariantGroup section */
		FDF894B6269A6B83009E7FC7 /* Main.storyboard */ = {
			isa = PBXVariantGroup;
			children = (
				FDF894B7269A6B83009E7FC7 /* Base */,
			);
			name = Main.storyboard;
			sourceTree = "<group>";
		};
		FDF894BB269A6B85009E7FC7 /* LaunchScreen.storyboard */ = {
			isa = PBXVariantGroup;
			children = (
				FDF894BC269A6B85009E7FC7 /* Base */,
			);
			name = LaunchScreen.storyboard;
			sourceTree = "<group>";
		};
/* End PBXVariantGroup section */

/* Begin XCBuildConfiguration section */
		FDF894BF269A6B85009E7FC7 /* Debug */ = {
			isa = XCBuildConfiguration;
			buildSettings = {
				ALWAYS_SEARCH_USER_PATHS = NO;
				CLANG_ANALYZER_NONNULL = YES;
				CLANG_ANALYZER_NUMBER_OBJECT_CONVERSION = YES_AGGRESSIVE;
				CLANG_CXX_LANGUAGE_STANDARD = "gnu++14";
				CLANG_CXX_LIBRARY = "libc++";
				CLANG_ENABLE_MODULES = YES;
				CLANG_ENABLE_OBJC_ARC = YES;
				CLANG_ENABLE_OBJC_WEAK = YES;
				CLANG_WARN_BLOCK_CAPTURE_AUTORELEASING = YES;
				CLANG_WARN_BOOL_CONVERSION = YES;
				CLANG_WARN_COMMA = YES;
				CLANG_WARN_CONSTANT_CONVERSION = YES;
				CLANG_WARN_DEPRECATED_OBJC_IMPLEMENTATIONS = YES;
				CLANG_WARN_DIRECT_OBJC_ISA_USAGE = YES_ERROR;
				CLANG_WARN_DOCUMENTATION_COMMENTS = YES;
				CLANG_WARN_EMPTY_BODY = YES;
				CLANG_WARN_ENUM_CONVERSION = YES;
				CLANG_WARN_INFINITE_RECURSION = YES;
				CLANG_WARN_INT_CONVERSION = YES;
				CLANG_WARN_NON_LITERAL_NULL_CONVERSION = YES;
				CLANG_WARN_OBJC_IMPLICIT_RETAIN_SELF = YES;
				CLANG_WARN_OBJC_LITERAL_CONVERSION = YES;
				CLANG_WARN_OBJC_ROOT_CLASS = YES_ERROR;
				CLANG_WARN_QUOTED_INCLUDE_IN_FRAMEWORK_HEADER = YES;
				CLANG_WARN_RANGE_LOOP_ANALYSIS = YES;
				CLANG_WARN_STRICT_PROTOTYPES = YES;
				CLANG_WARN_SUSPICIOUS_MOVE = YES;
				CLANG_WARN_UNGUARDED_AVAILABILITY = YES_AGGRESSIVE;
				CLANG_WARN_UNREACHABLE_CODE = YES;
				CLANG_WARN__DUPLICATE_METHOD_MATCH = YES;
				COPY_PHASE_STRIP = NO;
				DEBUG_INFORMATION_FORMAT = dwarf;
				ENABLE_STRICT_OBJC_MSGSEND = YES;
				ENABLE_TESTABILITY = YES;
				GCC_C_LANGUAGE_STANDARD = gnu11;
				GCC_DYNAMIC_NO_PIC = NO;
				GCC_NO_COMMON_BLOCKS = YES;
				GCC_OPTIMIZATION_LEVEL = 0;
				GCC_PREPROCESSOR_DEFINITIONS = (
					"DEBUG=1",
					"$(inherited)",
				);
				GCC_WARN_64_TO_32_BIT_CONVERSION = YES;
				GCC_WARN_ABOUT_RETURN_TYPE = YES_ERROR;
				GCC_WARN_UNDECLARED_SELECTOR = YES;
				GCC_WARN_UNINITIALIZED_AUTOS = YES_AGGRESSIVE;
				GCC_WARN_UNUSED_FUNCTION = YES;
				GCC_WARN_UNUSED_VARIABLE = YES;
				IPHONEOS_DEPLOYMENT_TARGET = 14.5;
				MTL_ENABLE_DEBUG_INFO = INCLUDE_SOURCE;
				MTL_FAST_MATH = YES;
				ONLY_ACTIVE_ARCH = YES;
				SDKROOT = iphoneos;
				SWIFT_ACTIVE_COMPILATION_CONDITIONS = DEBUG;
				SWIFT_OPTIMIZATION_LEVEL = "-Onone";
			};
			name = Debug;
		};
		FDF894C0269A6B85009E7FC7 /* Release */ = {
			isa = XCBuildConfiguration;
			buildSettings = {
				ALWAYS_SEARCH_USER_PATHS = NO;
				CLANG_ANALYZER_NONNULL = YES;
				CLANG_ANALYZER_NUMBER_OBJECT_CONVERSION = YES_AGGRESSIVE;
				CLANG_CXX_LANGUAGE_STANDARD = "gnu++14";
				CLANG_CXX_LIBRARY = "libc++";
				CLANG_ENABLE_MODULES = YES;
				CLANG_ENABLE_OBJC_ARC = YES;
				CLANG_ENABLE_OBJC_WEAK = YES;
				CLANG_WARN_BLOCK_CAPTURE_AUTORELEASING = YES;
				CLANG_WARN_BOOL_CONVERSION = YES;
				CLANG_WARN_COMMA = YES;
				CLANG_WARN_CONSTANT_CONVERSION = YES;
				CLANG_WARN_DEPRECATED_OBJC_IMPLEMENTATIONS = YES;
				CLANG_WARN_DIRECT_OBJC_ISA_USAGE = YES_ERROR;
				CLANG_WARN_DOCUMENTATION_COMMENTS = YES;
				CLANG_WARN_EMPTY_BODY = YES;
				CLANG_WARN_ENUM_CONVERSION = YES;
				CLANG_WARN_INFINITE_RECURSION = YES;
				CLANG_WARN_INT_CONVERSION = YES;
				CLANG_WARN_NON_LITERAL_NULL_CONVERSION = YES;
				CLANG_WARN_OBJC_IMPLICIT_RETAIN_SELF = YES;
				CLANG_WARN_OBJC_LITERAL_CONVERSION = YES;
				CLANG_WARN_OBJC_ROOT_CLASS = YES_ERROR;
				CLANG_WARN_QUOTED_INCLUDE_IN_FRAMEWORK_HEADER = YES;
				CLANG_WARN_RANGE_LOOP_ANALYSIS = YES;
				CLANG_WARN_STRICT_PROTOTYPES = YES;
				CLANG_WARN_SUSPICIOUS_MOVE = YES;
				CLANG_WARN_UNGUARDED_AVAILABILITY = YES_AGGRESSIVE;
				CLANG_WARN_UNREACHABLE_CODE = YES;
				CLANG_WARN__DUPLICATE_METHOD_MATCH = YES;
				COPY_PHASE_STRIP = NO;
				DEBUG_INFORMATION_FORMAT = "dwarf-with-dsym";
				ENABLE_NS_ASSERTIONS = NO;
				ENABLE_STRICT_OBJC_MSGSEND = YES;
				GCC_C_LANGUAGE_STANDARD = gnu11;
				GCC_NO_COMMON_BLOCKS = YES;
				GCC_WARN_64_TO_32_BIT_CONVERSION = YES;
				GCC_WARN_ABOUT_RETURN_TYPE = YES_ERROR;
				GCC_WARN_UNDECLARED_SELECTOR = YES;
				GCC_WARN_UNINITIALIZED_AUTOS = YES_AGGRESSIVE;
				GCC_WARN_UNUSED_FUNCTION = YES;
				GCC_WARN_UNUSED_VARIABLE = YES;
				IPHONEOS_DEPLOYMENT_TARGET = 14.5;
				MTL_ENABLE_DEBUG_INFO = NO;
				MTL_FAST_MATH = YES;
				SDKROOT = iphoneos;
				SWIFT_COMPILATION_MODE = wholemodule;
				SWIFT_OPTIMIZATION_LEVEL = "-O";
				VALIDATE_PRODUCT = YES;
			};
			name = Release;
		};
		FDF894C2269A6B85009E7FC7 /* Debug */ = {
			isa = XCBuildConfiguration;
			buildSettings = {
				ASSETCATALOG_COMPILER_APPICON_NAME = AppIcon;
				ASSETCATALOG_COMPILER_GLOBAL_ACCENT_COLOR_NAME = AccentColor;
				CODE_SIGN_STYLE = Automatic;
				DEVELOPMENT_TEAM = R2C4L4GY23;
				INFOPLIST_FILE = "Domino-CSE438FinalProject/Info.plist";
				LD_RUNPATH_SEARCH_PATHS = (
					"$(inherited)",
					"@executable_path/Frameworks",
				);
				PRODUCT_BUNDLE_IDENTIFIER = "com.zhai.Domino-CSE438FinalProject";
				PRODUCT_NAME = "$(TARGET_NAME)";
				SWIFT_VERSION = 5.0;
				TARGETED_DEVICE_FAMILY = "1,2";
			};
			name = Debug;
		};
		FDF894C3269A6B85009E7FC7 /* Release */ = {
			isa = XCBuildConfiguration;
			buildSettings = {
				ASSETCATALOG_COMPILER_APPICON_NAME = AppIcon;
				ASSETCATALOG_COMPILER_GLOBAL_ACCENT_COLOR_NAME = AccentColor;
				CODE_SIGN_STYLE = Automatic;
				DEVELOPMENT_TEAM = R2C4L4GY23;
				INFOPLIST_FILE = "Domino-CSE438FinalProject/Info.plist";
				LD_RUNPATH_SEARCH_PATHS = (
					"$(inherited)",
					"@executable_path/Frameworks",
				);
				PRODUCT_BUNDLE_IDENTIFIER = "com.zhai.Domino-CSE438FinalProject";
				PRODUCT_NAME = "$(TARGET_NAME)";
				SWIFT_VERSION = 5.0;
				TARGETED_DEVICE_FAMILY = "1,2";
			};
			name = Release;
		};
/* End XCBuildConfiguration section */

/* Begin XCConfigurationList section */
		FDF894A8269A6B83009E7FC7 /* Build configuration list for PBXProject "Domino-CSE438FinalProject" */ = {
			isa = XCConfigurationList;
			buildConfigurations = (
				FDF894BF269A6B85009E7FC7 /* Debug */,
				FDF894C0269A6B85009E7FC7 /* Release */,
			);
			defaultConfigurationIsVisible = 0;
			defaultConfigurationName = Release;
		};
		FDF894C1269A6B85009E7FC7 /* Build configuration list for PBXNativeTarget "Domino-CSE438FinalProject" */ = {
			isa = XCConfigurationList;
			buildConfigurations = (
				FDF894C2269A6B85009E7FC7 /* Debug */,
				FDF894C3269A6B85009E7FC7 /* Release */,
			);
			defaultConfigurationIsVisible = 0;
			defaultConfigurationName = Release;
		};
/* End XCConfigurationList section */
	};
	rootObject = FDF894A5269A6B83009E7FC7 /* Project object */;
}
